
Microsoft Visual Studio Solution File, Format Version 12.00
# Visual Studio Version 17
VisualStudioVersion = 17.13.35919.96 d17.13
MinimumVisualStudioVersion = 10.0.40219.1
Project("{FAE04EC0-301F-11D3-BF4B-00C04F79EFBC}") = "ExerciciosCSharp", "ExerciciosCSharp\ExerciciosCSharp.csproj", "{1FB04B26-14A2-4B8A-8A53-A87DB34A6FBF}"
EndProject
Global
	GlobalSection(SolutionConfigurationPlatforms) = preSolution
		Debug|Any CPU = Debug|Any CPU
		Release|Any CPU = Release|Any CPU
	EndGlobalSection
	GlobalSection(ProjectConfigurationPlatforms) = postSolution
		{1FB04B26-14A2-4B8A-8A53-A87DB34A6FBF}.Debug|Any CPU.ActiveCfg = Debug|Any CPU
		{1FB04B26-14A2-4B8A-8A53-A87DB34A6FBF}.Debug|Any CPU.Build.0 = Debug|Any CPU
		{1FB04B26-14A2-4B8A-8A53-A87DB34A6FBF}.Release|Any CPU.ActiveCfg = Release|Any CPU
		{1FB04B26-14A2-4B8A-8A53-A87DB34A6FBF}.Release|Any CPU.Build.0 = Release|Any CPU
	EndGlobalSection
	GlobalSection(SolutionProperties) = preSolution
		HideSolutionNode = FALSE
	EndGlobalSection
	GlobalSection(ExtensibilityGlobals) = postSolution
		SolutionGuid = {7A522053-C503-4E6A-9F9F-7FBD9D53CA84}
	EndGlobalSection
EndGlobal
